
Microsoft Visual Studio Solution File, Format Version 12.00
# Visual Studio Version 17
VisualStudioVersion = 17.3.32811.315
MinimumVisualStudioVersion = 10.0.40219.1
Project("{9A19103F-16F7-4668-BE54-9A1E7A4F7556}") = "TownModDE", "TownModDE.csproj", "{26D0C883-A86B-4ECA-880D-DF82E71AA855}"
EndProject
Global
	GlobalSection(SolutionConfigurationPlatforms) = preSolution
		Debug|Any CPU = Debug|Any CPU
		Release|Any CPU = Release|Any CPU
	EndGlobalSection
	GlobalSection(ProjectConfigurationPlatforms) = postSolution
		{26D0C883-A86B-4ECA-880D-DF82E71AA855}.Debug|Any CPU.ActiveCfg = Debug|Any CPU
		{26D0C883-A86B-4ECA-880D-DF82E71AA855}.Debug|Any CPU.Build.0 = Debug|Any CPU
		{26D0C883-A86B-4ECA-880D-DF82E71AA855}.Release|Any CPU.ActiveCfg = Release|Any CPU
		{26D0C883-A86B-4ECA-880D-DF82E71AA855}.Release|Any CPU.Build.0 = Release|Any CPU
	EndGlobalSection
	GlobalSection(SolutionProperties) = preSolution
		HideSolutionNode = FALSE
	EndGlobalSection
	GlobalSection(ExtensibilityGlobals) = postSolution
		SolutionGuid = {984716C6-13B7-4969-8076-654F1DFF986D}
	EndGlobalSection
EndGlobal
